
Microsoft Visual Studio Solution File, Format Version 12.00
# Visual Studio 2013
VisualStudioVersion = 12.0.0.0
MinimumVisualStudioVersion = 10.0.0.1
Project("{FAE04EC0-301F-11D3-BF4B-00C04F79EFBC}") = "nameless_app", "nameless-app/nameless-app.csproj", "{51E24575-E1B9-47F2-8674-AAA097149F22}"
EndProject
Project("{2150E333-8FDC-42A3-9474-1A3956D46DE8}") = "common", "common", "{3255A2D9-71AA-4231-9384-08CD023D1242}"
EndProject
Project("{AA5D51D2-B52F-4246-8A8A-D8F97B842954}") = "app.utils", "app.utils\app.utils.csproj", "{F7CC950A-7517-48B2-820C-9B4AC6C4ED2A}"
EndProject
Project("{2150E333-8FDC-42A3-9474-1A3956D46DE8}") = "SSO", "SSO", "{54C5920B-6285-4206-BC96-14B2A54A52A4}"
EndProject
Project("{2150E333-8FDC-42A3-9474-1A3956D46DE8}") = "modules", "modules", "{2BDCFD6D-A815-4E85-A777-53C36A933F24}"
EndProject
Global
	GlobalSection(SolutionConfigurationPlatforms) = preSolution
		Debug|Any CPU = Debug|Any CPU
		Release|Any CPU = Release|Any CPU
	EndGlobalSection
	GlobalSection(ProjectConfigurationPlatforms) = postSolution
		{51E24575-E1B9-47F2-8674-AAA097149F22}.Debug|Any CPU.ActiveCfg = Debug|Any CPU
		{51E24575-E1B9-47F2-8674-AAA097149F22}.Debug|Any CPU.Build.0 = Debug|Any CPU
		{51E24575-E1B9-47F2-8674-AAA097149F22}.Release|Any CPU.ActiveCfg = Release|Any CPU
		{51E24575-E1B9-47F2-8674-AAA097149F22}.Release|Any CPU.Build.0 = Release|Any CPU
		{F7CC950A-7517-48B2-820C-9B4AC6C4ED2A}.Debug|Any CPU.ActiveCfg = Debug|Any CPU
		{F7CC950A-7517-48B2-820C-9B4AC6C4ED2A}.Debug|Any CPU.Build.0 = Debug|Any CPU
		{F7CC950A-7517-48B2-820C-9B4AC6C4ED2A}.Release|Any CPU.ActiveCfg = Release|Any CPU
		{F7CC950A-7517-48B2-820C-9B4AC6C4ED2A}.Release|Any CPU.Build.0 = Release|Any CPU
	EndGlobalSection
	GlobalSection(SolutionProperties) = preSolution
		HideSolutionNode = FALSE
	EndGlobalSection
	GlobalSection(NestedProjects) = preSolution
		{F7CC950A-7517-48B2-820C-9B4AC6C4ED2A} = {3255A2D9-71AA-4231-9384-08CD023D1242}
		{51E24575-E1B9-47F2-8674-AAA097149F22} = {54C5920B-6285-4206-BC96-14B2A54A52A4}
	EndGlobalSection
EndGlobal
